PODS:
  - Alamofire (3.3.1)
  - Cartography (0.6.0)
  - ChameleonFramework/Default (2.1.0)
  - ChameleonFramework/Swift (2.1.0):
    - ChameleonFramework/Default
  - FontAwesome.swift (0.7.1)
  - Google/Analytics (2.0.4):
    - Google/Core
    - GoogleAnalytics (~> 3.12)
  - Google/Core (2.0.4):
    - GoogleInterchangeUtilities (~> 1.0)
    - GoogleNetworkingUtilities (~> 1.0)
    - GoogleSymbolUtilities (~> 1.0)
    - GoogleUtilities (~> 1.1)
  - GoogleAnalytics (3.14.0)
  - GoogleInterchangeUtilities (1.2.0):
    - GoogleSymbolUtilities (~> 1.0)
  - GoogleNetworkingUtilities (1.2.0):
    - GoogleSymbolUtilities (~> 1.0)
  - GoogleSymbolUtilities (1.1.0)
  - GoogleUtilities (1.3.0):
    - GoogleSymbolUtilities (~> 1.0)
  - HMSegmentedControl (1.5.2)
  - INSPullToRefresh (1.1.5)
  - MK (1.27.14)
  - MMDrawerController (0.6.0):
    - MMDrawerController/Core (= 0.6.0)
    - MMDrawerController/MMDrawerBarButtonItem (= 0.6.0)
    - MMDrawerController/MMDrawerVisualStates (= 0.6.0)
    - MMDrawerController/Subclass (= 0.6.0)
  - MMDrawerController/Core (0.6.0)
  - MMDrawerController/MMDrawerBarButtonItem (0.6.0):
    - MMDrawerController/Core
  - MMDrawerController/MMDrawerVisualStates (0.6.0):
    - MMDrawerController/Core
  - MMDrawerController/Subclass (0.6.0):
    - MMDrawerController/Core
  - Moya (6.4.0):
    - Moya/Core (= 6.4.0)
  - Moya-ObjectMapper/Core (1.2):
    - Moya (~> 6.3)
    - ObjectMapper (~> 1.2)
  - Moya-ObjectMapper/RxSwift (1.2):
    - Moya-ObjectMapper/Core
    - Moya/RxSwift (~> 6.3)
    - RxSwift (~> 2.2)
  - Moya/Core (6.4.0):
    - Alamofire (~> 3.0)
    - Result (~> 2.0)
  - Moya/RxSwift (6.4.0):
    - Moya/Core
    - RxSwift (~> 2.0)
  - NSStringMask (1.2)
  - ObjectMapper (1.2.0)
  - ReachabilitySwift (2.3.3)
  - Result (2.0.0)
  - RxCocoa (2.4):
    - RxSwift (~> 2.4)
  - RxSwift (2.4)
  - SDWebImage (3.7.5):
    - SDWebImage/Core (= 3.7.5)
  - SDWebImage/Core (3.7.5)
  - SpinKit (1.2.0)
  - Tactile (1.2.1)
  - TPKeyboardAvoiding (1.3)
  - TZStackView (1.1.2)

DEPENDENCIES:
  - Cartography (~> 0.6)
  - ChameleonFramework/Swift (~> 2.1)
  - FontAwesome.swift (~> 0.7)
  - Google/Analytics (~> 2.0)
  - HMSegmentedControl (~> 1.5)
  - INSPullToRefresh (~> 1.1)
  - MK (~> 1.27)
  - MMDrawerController (~> 0.6)
  - Moya-ObjectMapper/RxSwift (~> 1.2)
  - NSStringMask (from `https://github.com/aleufms/NSStringMask`, commit `13f13ce1eeb74985ea07f2950eb5925dc7f231c8`)
  - ReachabilitySwift (~> 2.3)
  - RxCocoa (~> 2.4)
  - SDWebImage (~> 3.7)
  - SpinKit (~> 1.2)
  - Tactile (~> 1.2)
  - TPKeyboardAvoiding (~> 1.3)
  - TZStackView (~> 1.1)

EXTERNAL SOURCES:
  NSStringMask:
    :commit: 13f13ce1eeb74985ea07f2950eb5925dc7f231c8
    :git: https://github.com/aleufms/NSStringMask

CHECKOUT OPTIONS:
  NSStringMask:
    :commit: 13f13ce1eeb74985ea07f2950eb5925dc7f231c8
    :git: https://github.com/aleufms/NSStringMask

SPEC CHECKSUMS:
  Alamofire: 369bc67b6f5ac33ded3648d7bd21c5bfb91c2ecc
  Cartography: 70af183a248547694a8cfaa6b989cb7e04589985
  ChameleonFramework: d21a3cc247abfe5e37609a283a8238b03575cf64
  FontAwesome.swift: 21ec9db57af8b92d4b4d6ca8208b9ae07031e828
  Google: d0932824c5b97c96be489aa6f4e8cd6c294d637d
  GoogleAnalytics: 9be1afdb8deeac4bb5f13ca7f7d3b9db2a1f43dc
  GoogleInterchangeUtilities: 427382e42d8a340038bec37c6fdfd316e14b5fa2
  GoogleNetworkingUtilities: ec1e9911aca811eb18b7144394fee6168b607785
  GoogleSymbolUtilities: eb3965ea12710569c7b80db198a39e39b18613f7
  GoogleUtilities: 5c653f7df2eedf0ce0efdfe5afe4f831f375fd7a
  HMSegmentedControl: 83b9686022d2176fb6457d2bdb61e5d6393fed7d
  INSPullToRefresh: 112ae2c295d2b3a76daa9dff86e7ef40ed002c47
  MK: a68c9ae628f625847bddf5921e7a208873d192c2
  MMDrawerController: e3a54a5570388463ad3b36975251575b50c4e1a0
  Moya: 4d526954c8afd79820991393d40d7d8af756ceee
  Moya-ObjectMapper: 565c1e9e1e79bdf72e18fa8fa01a0741d042fa34
  NSStringMask: 77f655efb20a9ccf098f0da0d64ff923f6bf58aa
  ObjectMapper: b1e9c7c8a9f6400b72690c80072c131504caa66f
  ReachabilitySwift: e0f6b6f280effb47731acfaaa2d5ffe223703793
  Result: 9e75e1111c774c6ac594e14907b15057053a7959
  RxCocoa: 7d6cd877de99f5640306b3d6cf87f580c1d91b61
  RxSwift: 67b9ef4e8b34fb394e200e754c6a09cc16559f94
  SDWebImage: 69c6303e3348fba97e03f65d65d4fbc26740f461
  SpinKit: 65906a8b534a4e14cbfd3f8b0b6c329131faef4a
  Tactile: 451c868fbb1b785b9570d216511137288cfa1663
  TPKeyboardAvoiding: a5138f318c06fb3e151f886e18ce4a72695d9cbe
  TZStackView: 19aeaa414fb653f4be9b80a73f4f0c66e33bf033

COCOAPODS: 0.39.0
